
Microsoft Visual Studio Solution File, Format Version 12.00
# Visual Studio 2017
Project("{FAE04EC0-301F-11D3-BF4B-00C04F79EFBC}") = "Clown-Odyssey", "Clown-Odyssey.csproj", "{4650B2E8-95E8-B255-896C-AB1E60D709CD}"
EndProject
Global
	GlobalSection(SolutionConfigurationPlatforms) = preSolution
		Debug|Any CPU = Debug|Any CPU
		Release|Any CPU = Release|Any CPU
	EndGlobalSection
	GlobalSection(ProjectConfigurationPlatforms) = postSolution
		{4650B2E8-95E8-B255-896C-AB1E60D709CD}.Debug|Any CPU.ActiveCfg = Debug|Any CPU
		{4650B2E8-95E8-B255-896C-AB1E60D709CD}.Debug|Any CPU.Build.0 = Debug|Any CPU
		{4650B2E8-95E8-B255-896C-AB1E60D709CD}.Release|Any CPU.ActiveCfg = Release|Any CPU
		{4650B2E8-95E8-B255-896C-AB1E60D709CD}.Release|Any CPU.Build.0 = Release|Any CPU
	EndGlobalSection
	GlobalSection(SolutionProperties) = preSolution
		HideSolutionNode = FALSE
	EndGlobalSection
EndGlobal
